
Microsoft Visual Studio Solution File, Format Version 12.00
# Visual Studio 15
VisualStudioVersion = 15.0.28307.1022
MinimumVisualStudioVersion = 10.0.40219.1
Project("{8BC9CEB8-8B4A-11D0-8D11-00A0C91BC942}") = "TP1- Castillo- Garcia Dastugue - Medina", "TP1- Castillo- Garcia Dastugue - Medina\TP1- Castillo- Garcia Dastugue - Medina.vcxproj", "{5C409536-6B3A-4CE0-9A4B-36FCDB1D1867}"
EndProject
Global
	GlobalSection(SolutionConfigurationPlatforms) = preSolution
		Debug|x64 = Debug|x64
		Debug|x86 = Debug|x86
		Release|x64 = Release|x64
		Release|x86 = Release|x86
	EndGlobalSection
	GlobalSection(ProjectConfigurationPlatforms) = postSolution
		{5C409536-6B3A-4CE0-9A4B-36FCDB1D1867}.Debug|x64.ActiveCfg = Debug|x64
		{5C409536-6B3A-4CE0-9A4B-36FCDB1D1867}.Debug|x64.Build.0 = Debug|x64
		{5C409536-6B3A-4CE0-9A4B-36FCDB1D1867}.Debug|x86.ActiveCfg = Debug|Win32
		{5C409536-6B3A-4CE0-9A4B-36FCDB1D1867}.Debug|x86.Build.0 = Debug|Win32
		{5C409536-6B3A-4CE0-9A4B-36FCDB1D1867}.Release|x64.ActiveCfg = Release|x64
		{5C409536-6B3A-4CE0-9A4B-36FCDB1D1867}.Release|x64.Build.0 = Release|x64
		{5C409536-6B3A-4CE0-9A4B-36FCDB1D1867}.Release|x86.ActiveCfg = Release|Win32
		{5C409536-6B3A-4CE0-9A4B-36FCDB1D1867}.Release|x86.Build.0 = Release|Win32
	EndGlobalSection
	GlobalSection(SolutionProperties) = preSolution
		HideSolutionNode = FALSE
	EndGlobalSection
	GlobalSection(ExtensibilityGlobals) = postSolution
		SolutionGuid = {1487DA19-0F51-4965-A656-38F77EBE63CB}
	EndGlobalSection
EndGlobal
